
Microsoft Visual Studio Solution File, Format Version 12.00
# Visual Studio Version 16
VisualStudioVersion = 16.0.31515.178
MinimumVisualStudioVersion = 10.0.40219.1
Project("{9A19103F-16F7-4668-BE54-9A1E7A4F7556}") = "ASPNetCoreMastersTodoList.API", "ASPNetCoreMastersTodoList.API\ASPNetCoreMastersTodoList.API.csproj", "{A8E86DB2-5F9D-4062-9966-758413D66D6C}"
EndProject
Project("{9A19103F-16F7-4668-BE54-9A1E7A4F7556}") = "Services", "Services\Services.csproj", "{FFE3C83C-FA65-4D3B-B223-E0188EBBCF48}"
EndProject
Project("{FAE04EC0-301F-11D3-BF4B-00C04F79EFBC}") = "DomainModels", "DomainModels\DomainModels.csproj", "{8C3785A3-6382-4E7C-939D-EC1988BED0E5}"
EndProject
Project("{FAE04EC0-301F-11D3-BF4B-00C04F79EFBC}") = "Repositories", "Repositories\Repositories.csproj", "{9748CF71-5C19-466C-B6D8-89299E161309}"
EndProject
Global
	GlobalSection(SolutionConfigurationPlatforms) = preSolution
		Debug|Any CPU = Debug|Any CPU
		Release|Any CPU = Release|Any CPU
	EndGlobalSection
	GlobalSection(ProjectConfigurationPlatforms) = postSolution
		{A8E86DB2-5F9D-4062-9966-758413D66D6C}.Debug|Any CPU.ActiveCfg = Debug|Any CPU
		{A8E86DB2-5F9D-4062-9966-758413D66D6C}.Debug|Any CPU.Build.0 = Debug|Any CPU
		{A8E86DB2-5F9D-4062-9966-758413D66D6C}.Release|Any CPU.ActiveCfg = Release|Any CPU
		{A8E86DB2-5F9D-4062-9966-758413D66D6C}.Release|Any CPU.Build.0 = Release|Any CPU
		{FFE3C83C-FA65-4D3B-B223-E0188EBBCF48}.Debug|Any CPU.ActiveCfg = Debug|Any CPU
		{FFE3C83C-FA65-4D3B-B223-E0188EBBCF48}.Debug|Any CPU.Build.0 = Debug|Any CPU
		{FFE3C83C-FA65-4D3B-B223-E0188EBBCF48}.Release|Any CPU.ActiveCfg = Release|Any CPU
		{FFE3C83C-FA65-4D3B-B223-E0188EBBCF48}.Release|Any CPU.Build.0 = Release|Any CPU
		{8C3785A3-6382-4E7C-939D-EC1988BED0E5}.Debug|Any CPU.ActiveCfg = Debug|Any CPU
		{8C3785A3-6382-4E7C-939D-EC1988BED0E5}.Debug|Any CPU.Build.0 = Debug|Any CPU
		{8C3785A3-6382-4E7C-939D-EC1988BED0E5}.Release|Any CPU.ActiveCfg = Release|Any CPU
		{8C3785A3-6382-4E7C-939D-EC1988BED0E5}.Release|Any CPU.Build.0 = Release|Any CPU
		{9748CF71-5C19-466C-B6D8-89299E161309}.Debug|Any CPU.ActiveCfg = Debug|Any CPU
		{9748CF71-5C19-466C-B6D8-89299E161309}.Debug|Any CPU.Build.0 = Debug|Any CPU
		{9748CF71-5C19-466C-B6D8-89299E161309}.Release|Any CPU.ActiveCfg = Release|Any CPU
		{9748CF71-5C19-466C-B6D8-89299E161309}.Release|Any CPU.Build.0 = Release|Any CPU
	EndGlobalSection
	GlobalSection(SolutionProperties) = preSolution
		HideSolutionNode = FALSE
	EndGlobalSection
	GlobalSection(ExtensibilityGlobals) = postSolution
		SolutionGuid = {877DD8C9-3983-498C-B133-01633ACFDE42}
	EndGlobalSection
EndGlobal
