
Microsoft Visual Studio Solution File, Format Version 12.00
# Visual Studio Version 16
VisualStudioVersion = 16.0.31515.178
MinimumVisualStudioVersion = 10.0.40219.1
Project("{FAE04EC0-301F-11D3-BF4B-00C04F79EFBC}") = "ASPNetCoreMastersTodoList.API", "ASPNetCoreMastersTodoList.API\ASPNetCoreMastersTodoList.API.csproj", "{A8E86DB2-5F9D-4062-9966-758413D66D6C}"
EndProject
Project("{FAE04EC0-301F-11D3-BF4B-00C04F79EFBC}") = "Services", "Services\Services.csproj", "{FFE3C83C-FA65-4D3B-B223-E0188EBBCF48}"
EndProject
Global
	GlobalSection(SolutionConfigurationPlatforms) = preSolution
		Debug|Any CPU = Debug|Any CPU
		Release|Any CPU = Release|Any CPU
	EndGlobalSection
	GlobalSection(ProjectConfigurationPlatforms) = postSolution
		{A8E86DB2-5F9D-4062-9966-758413D66D6C}.Debug|Any CPU.ActiveCfg = Debug|Any CPU
		{A8E86DB2-5F9D-4062-9966-758413D66D6C}.Debug|Any CPU.Build.0 = Debug|Any CPU
		{A8E86DB2-5F9D-4062-9966-758413D66D6C}.Release|Any CPU.ActiveCfg = Release|Any CPU
		{A8E86DB2-5F9D-4062-9966-758413D66D6C}.Release|Any CPU.Build.0 = Release|Any CPU
		{FFE3C83C-FA65-4D3B-B223-E0188EBBCF48}.Debug|Any CPU.ActiveCfg = Debug|Any CPU
		{FFE3C83C-FA65-4D3B-B223-E0188EBBCF48}.Debug|Any CPU.Build.0 = Debug|Any CPU
		{FFE3C83C-FA65-4D3B-B223-E0188EBBCF48}.Release|Any CPU.ActiveCfg = Release|Any CPU
		{FFE3C83C-FA65-4D3B-B223-E0188EBBCF48}.Release|Any CPU.Build.0 = Release|Any CPU
	EndGlobalSection
	GlobalSection(SolutionProperties) = preSolution
		HideSolutionNode = FALSE
	EndGlobalSection
	GlobalSection(ExtensibilityGlobals) = postSolution
		SolutionGuid = {877DD8C9-3983-498C-B133-01633ACFDE42}
	EndGlobalSection
EndGlobal
